
Microsoft Visual Studio Solution File, Format Version 12.00
# Visual Studio Version 16
VisualStudioVersion = 16.0.810.9
MinimumVisualStudioVersion = 10.0.40219.1
Project("{FAE04EC0-301F-11D3-BF4B-00C04F79EFBC}") = "EmpWage-D3", "EmpWage-D3\EmpWage-D3.csproj", "{A65D98A5-E7C4-4A62-91EF-1371E7B2EED5}"
EndProject
Global
	GlobalSection(SolutionConfigurationPlatforms) = preSolution
		Debug|Any CPU = Debug|Any CPU
		Release|Any CPU = Release|Any CPU
	EndGlobalSection
	GlobalSection(ProjectConfigurationPlatforms) = postSolution
		{A65D98A5-E7C4-4A62-91EF-1371E7B2EED5}.Debug|Any CPU.ActiveCfg = Debug|Any CPU
		{A65D98A5-E7C4-4A62-91EF-1371E7B2EED5}.Debug|Any CPU.Build.0 = Debug|Any CPU
		{A65D98A5-E7C4-4A62-91EF-1371E7B2EED5}.Release|Any CPU.ActiveCfg = Release|Any CPU
		{A65D98A5-E7C4-4A62-91EF-1371E7B2EED5}.Release|Any CPU.Build.0 = Release|Any CPU
	EndGlobalSection
	GlobalSection(SolutionProperties) = preSolution
		HideSolutionNode = FALSE
	EndGlobalSection
	GlobalSection(ExtensibilityGlobals) = postSolution
		SolutionGuid = {50939237-1408-4087-8103-0ACC52C07880}
	EndGlobalSection
EndGlobal
